
Microsoft Visual Studio Solution File, Format Version 12.00
# Visual Studio 15
Project("{FAE04EC0-301F-11D3-BF4B-00C04F79EFBC}") = "Assembly-CSharp-firstpass", "Assembly-CSharp-firstpass.csproj", "{92CB613D-97A0-AAF7-3F32-BD922DCF979A}"
EndProject
Project("{FAE04EC0-301F-11D3-BF4B-00C04F79EFBC}") = "Assembly-CSharp", "Assembly-CSharp.csproj", "{CE046F5A-7CAA-30D5-61B0-356CC2015753}"
EndProject
Project("{FAE04EC0-301F-11D3-BF4B-00C04F79EFBC}") = "Assembly-CSharp-Editor-firstpass", "Assembly-CSharp-Editor-firstpass.csproj", "{63B7227B-3B63-AB47-FB76-80B98D8955F9}"
EndProject
Project("{FAE04EC0-301F-11D3-BF4B-00C04F79EFBC}") = "Assembly-CSharp-Editor", "Assembly-CSharp-Editor.csproj", "{1D65876E-FA75-C266-73A8-4D5A98B16E04}"
EndProject
Global
	GlobalSection(SolutionConfigurationPlatforms) = preSolution
		Debug|Any CPU = Debug|Any CPU
		Release|Any CPU = Release|Any CPU
	EndGlobalSection
	GlobalSection(ProjectConfigurationPlatforms) = postSolution
		{92CB613D-97A0-AAF7-3F32-BD922DCF979A}.Debug|Any CPU.ActiveCfg = Debug|Any CPU
		{92CB613D-97A0-AAF7-3F32-BD922DCF979A}.Debug|Any CPU.Build.0 = Debug|Any CPU
		{92CB613D-97A0-AAF7-3F32-BD922DCF979A}.Release|Any CPU.ActiveCfg = Release|Any CPU
		{92CB613D-97A0-AAF7-3F32-BD922DCF979A}.Release|Any CPU.Build.0 = Release|Any CPU
		{CE046F5A-7CAA-30D5-61B0-356CC2015753}.Debug|Any CPU.ActiveCfg = Debug|Any CPU
		{CE046F5A-7CAA-30D5-61B0-356CC2015753}.Debug|Any CPU.Build.0 = Debug|Any CPU
		{CE046F5A-7CAA-30D5-61B0-356CC2015753}.Release|Any CPU.ActiveCfg = Release|Any CPU
		{CE046F5A-7CAA-30D5-61B0-356CC2015753}.Release|Any CPU.Build.0 = Release|Any CPU
		{63B7227B-3B63-AB47-FB76-80B98D8955F9}.Debug|Any CPU.ActiveCfg = Debug|Any CPU
		{63B7227B-3B63-AB47-FB76-80B98D8955F9}.Debug|Any CPU.Build.0 = Debug|Any CPU
		{63B7227B-3B63-AB47-FB76-80B98D8955F9}.Release|Any CPU.ActiveCfg = Release|Any CPU
		{63B7227B-3B63-AB47-FB76-80B98D8955F9}.Release|Any CPU.Build.0 = Release|Any CPU
		{1D65876E-FA75-C266-73A8-4D5A98B16E04}.Debug|Any CPU.ActiveCfg = Debug|Any CPU
		{1D65876E-FA75-C266-73A8-4D5A98B16E04}.Debug|Any CPU.Build.0 = Debug|Any CPU
		{1D65876E-FA75-C266-73A8-4D5A98B16E04}.Release|Any CPU.ActiveCfg = Release|Any CPU
		{1D65876E-FA75-C266-73A8-4D5A98B16E04}.Release|Any CPU.Build.0 = Release|Any CPU
	EndGlobalSection
	GlobalSection(SolutionProperties) = preSolution
		HideSolutionNode = FALSE
	EndGlobalSection
EndGlobal
